
Microsoft Visual Studio Solution File, Format Version 12.00
Project("{FAE04EC0-301F-11D3-BF4B-00C04F79EFBC}") = "CloudBruh.Trustartup.MediaResponse", "CloudBruh.Trustartup.MediaResponse\CloudBruh.Trustartup.MediaResponse.csproj", "{F3801493-2434-4461-B1FE-636A7327A1E7}"
EndProject
Global
	GlobalSection(SolutionConfigurationPlatforms) = preSolution
		Debug|Any CPU = Debug|Any CPU
		Release|Any CPU = Release|Any CPU
	EndGlobalSection
	GlobalSection(ProjectConfigurationPlatforms) = postSolution
		{F3801493-2434-4461-B1FE-636A7327A1E7}.Debug|Any CPU.ActiveCfg = Debug|Any CPU
		{F3801493-2434-4461-B1FE-636A7327A1E7}.Debug|Any CPU.Build.0 = Debug|Any CPU
		{F3801493-2434-4461-B1FE-636A7327A1E7}.Release|Any CPU.ActiveCfg = Release|Any CPU
		{F3801493-2434-4461-B1FE-636A7327A1E7}.Release|Any CPU.Build.0 = Release|Any CPU
	EndGlobalSection
EndGlobal
